
Microsoft Visual Studio Solution File, Format Version 12.00
# Visual Studio Version 17
VisualStudioVersion = 17.5.33627.172
MinimumVisualStudioVersion = 10.0.40219.1
Project("{FAE04EC0-301F-11D3-BF4B-00C04F79EFBC}") = "Hi-TechHub", "Hi-TechHub\Hi-TechHub.csproj", "{BE6324CC-02FE-4E20-AF6D-4596B15BCBD8}"
	ProjectSection(ProjectDependencies) = postProject
		{1124D112-1B6A-48A8-BE6D-E8D55AD5EFE2} = {1124D112-1B6A-48A8-BE6D-E8D55AD5EFE2}
	EndProjectSection
EndProject
Project("{FAE04EC0-301F-11D3-BF4B-00C04F79EFBC}") = "HiTechLaunch", "HiTechLaunch\HiTechLaunch.csproj", "{ADDAAB57-F28C-4096-AB63-EA16A90FAC39}"
	ProjectSection(ProjectDependencies) = postProject
		{BE6324CC-02FE-4E20-AF6D-4596B15BCBD8} = {BE6324CC-02FE-4E20-AF6D-4596B15BCBD8}
	EndProjectSection
EndProject
Project("{FAE04EC0-301F-11D3-BF4B-00C04F79EFBC}") = "HiTechBrowser", "HiTechBrowser\HiTechBrowser.csproj", "{1124D112-1B6A-48A8-BE6D-E8D55AD5EFE2}"
EndProject
Global
	GlobalSection(SolutionConfigurationPlatforms) = preSolution
		Debug|Any CPU = Debug|Any CPU
		Release|Any CPU = Release|Any CPU
	EndGlobalSection
	GlobalSection(ProjectConfigurationPlatforms) = postSolution
		{BE6324CC-02FE-4E20-AF6D-4596B15BCBD8}.Debug|Any CPU.ActiveCfg = Debug|Any CPU
		{BE6324CC-02FE-4E20-AF6D-4596B15BCBD8}.Debug|Any CPU.Build.0 = Debug|Any CPU
		{BE6324CC-02FE-4E20-AF6D-4596B15BCBD8}.Release|Any CPU.ActiveCfg = Release|Any CPU
		{BE6324CC-02FE-4E20-AF6D-4596B15BCBD8}.Release|Any CPU.Build.0 = Release|Any CPU
		{ADDAAB57-F28C-4096-AB63-EA16A90FAC39}.Debug|Any CPU.ActiveCfg = Debug|Any CPU
		{ADDAAB57-F28C-4096-AB63-EA16A90FAC39}.Debug|Any CPU.Build.0 = Debug|Any CPU
		{ADDAAB57-F28C-4096-AB63-EA16A90FAC39}.Release|Any CPU.ActiveCfg = Release|Any CPU
		{ADDAAB57-F28C-4096-AB63-EA16A90FAC39}.Release|Any CPU.Build.0 = Release|Any CPU
		{1124D112-1B6A-48A8-BE6D-E8D55AD5EFE2}.Debug|Any CPU.ActiveCfg = Debug|Any CPU
		{1124D112-1B6A-48A8-BE6D-E8D55AD5EFE2}.Debug|Any CPU.Build.0 = Debug|Any CPU
		{1124D112-1B6A-48A8-BE6D-E8D55AD5EFE2}.Release|Any CPU.ActiveCfg = Release|Any CPU
		{1124D112-1B6A-48A8-BE6D-E8D55AD5EFE2}.Release|Any CPU.Build.0 = Release|Any CPU
	EndGlobalSection
	GlobalSection(SolutionProperties) = preSolution
		HideSolutionNode = FALSE
	EndGlobalSection
	GlobalSection(ExtensibilityGlobals) = postSolution
		SolutionGuid = {02551416-BDBC-4D3E-BC2C-547278E395BF}
	EndGlobalSection
EndGlobal
